// !$*UTF8*$!
{
	archiveVersion = 1;
	classes = {
	};
	objectVersion = 55;
	objects = {

/* Begin PBXBuildFile section */
		14182FD42863486D00427EF0 /* Assets.xcassets in Resources */ = {isa = PBXBuildFile; fileRef = 14182FD32863486D00427EF0 /* Assets.xcassets */; };
		14182FD72863486D00427EF0 /* Preview Assets.xcassets in Resources */ = {isa = PBXBuildFile; fileRef = 14182FD62863486D00427EF0 /* Preview Assets.xcassets */; };
		825A81C82A4064EB0031BD66 /* URLSession.swift in Sources */ = {isa = PBXBuildFile; fileRef = 825A81C72A4064EB0031BD66 /* URLSession.swift */; };
		825A81CD2A407EF50031BD66 /* MeterInstallationApp.swift in Sources */ = {isa = PBXBuildFile; fileRef = 825A81CC2A407EF50031BD66 /* MeterInstallationApp.swift */; };
		825A81D02A41BCBE0031BD66 /* MainView.swift in Sources */ = {isa = PBXBuildFile; fileRef = 825A81CF2A41BCBE0031BD66 /* MainView.swift */; };
		825A81D22A41BE680031BD66 /* DeviceListView.swift in Sources */ = {isa = PBXBuildFile; fileRef = 825A81D12A41BE680031BD66 /* DeviceListView.swift */; };
		825A81D42A41BE700031BD66 /* SyncView.swift in Sources */ = {isa = PBXBuildFile; fileRef = 825A81D32A41BE700031BD66 /* SyncView.swift */; };
		829C51B52A449998003C8C9A /* README.md in Resources */ = {isa = PBXBuildFile; fileRef = 829C51B42A449998003C8C9A /* README.md */; };
		FA70E50E2A52E94500621DF4 /* MeterInstallation.xcdatamodeld in Sources */ = {isa = PBXBuildFile; fileRef = FA70E50C2A52E94500621DF4 /* MeterInstallation.xcdatamodeld */; };
		FA70E5182A52F39600621DF4 /* MeterInstallationError.swift in Sources */ = {isa = PBXBuildFile; fileRef = FA70E5172A52F39600621DF4 /* MeterInstallationError.swift */; };
		FA70E51A2A52F5F100621DF4 /* DataProvider.swift in Sources */ = {isa = PBXBuildFile; fileRef = FA70E5192A52F5F100621DF4 /* DataProvider.swift */; };
		FA70E51C2A52F7D000621DF4 /* DataClient.swift in Sources */ = {isa = PBXBuildFile; fileRef = FA70E51B2A52F7D000621DF4 /* DataClient.swift */; };
		FA70E51E2A52F95F00621DF4 /* DataClient+Preview.swift in Sources */ = {isa = PBXBuildFile; fileRef = FA70E51D2A52F95F00621DF4 /* DataClient+Preview.swift */; };
		FA70E5242A52FCC600621DF4 /* MainViewModel.swift in Sources */ = {isa = PBXBuildFile; fileRef = FA70E5232A52FCC600621DF4 /* MainViewModel.swift */; };
		FA70E5262A53030600621DF4 /* DeviceListViewModel.swift in Sources */ = {isa = PBXBuildFile; fileRef = FA70E5252A53030600621DF4 /* DeviceListViewModel.swift */; };
		FA70E5282A53043E00621DF4 /* DeviceDataProvider.swift in Sources */ = {isa = PBXBuildFile; fileRef = FA70E5272A53043E00621DF4 /* DeviceDataProvider.swift */; };
		FA70E52B2A530D0C00621DF4 /* DeviceResponse.swift in Sources */ = {isa = PBXBuildFile; fileRef = FA70E52A2A530D0C00621DF4 /* DeviceResponse.swift */; };
		FA70E52D2A531CA600621DF4 /* Logger.swift in Sources */ = {isa = PBXBuildFile; fileRef = FA70E52C2A531CA600621DF4 /* Logger.swift */; };
		FA70E5302A533B5600621DF4 /* Device+.swift in Sources */ = {isa = PBXBuildFile; fileRef = FA70E52F2A533B5600621DF4 /* Device+.swift */; };
		FA70E5342A53509800621DF4 /* NSManagedObjectContext+.swift in Sources */ = {isa = PBXBuildFile; fileRef = FA70E5332A53509800621DF4 /* NSManagedObjectContext+.swift */; };
		FA70E5372A5369AD00621DF4 /* ListViewState.swift in Sources */ = {isa = PBXBuildFile; fileRef = FA70E5362A5369AD00621DF4 /* ListViewState.swift */; };
/* End PBXBuildFile section */

/* Begin PBXFileReference section */
		14182FCC2863486A00427EF0 /* Meter Installation.app */ = {isa = PBXFileReference; explicitFileType = wrapper.application; includeInIndex = 0; path = "Meter Installation.app"; sourceTree = BUILT_PRODUCTS_DIR; };
		14182FD32863486D00427EF0 /* Assets.xcassets */ = {isa = PBXFileReference; lastKnownFileType = folder.assetcatalog; path = Assets.xcassets; sourceTree = "<group>"; };
		14182FD62863486D00427EF0 /* Preview Assets.xcassets */ = {isa = PBXFileReference; lastKnownFileType = folder.assetcatalog; path = "Preview Assets.xcassets"; sourceTree = "<group>"; };
		825A81C72A4064EB0031BD66 /* URLSession.swift */ = {isa = PBXFileReference; lastKnownFileType = sourcecode.swift; path = URLSession.swift; sourceTree = "<group>"; };
		825A81CC2A407EF50031BD66 /* MeterInstallationApp.swift */ = {isa = PBXFileReference; lastKnownFileType = sourcecode.swift; path = MeterInstallationApp.swift; sourceTree = "<group>"; };
		825A81CF2A41BCBE0031BD66 /* MainView.swift */ = {isa = PBXFileReference; lastKnownFileType = sourcecode.swift; path = MainView.swift; sourceTree = "<group>"; };
		825A81D12A41BE680031BD66 /* DeviceListView.swift */ = {isa = PBXFileReference; lastKnownFileType = sourcecode.swift; path = DeviceListView.swift; sourceTree = "<group>"; };
		825A81D32A41BE700031BD66 /* SyncView.swift */ = {isa = PBXFileReference; lastKnownFileType = sourcecode.swift; path = SyncView.swift; sourceTree = "<group>"; };
		829C51B42A449998003C8C9A /* README.md */ = {isa = PBXFileReference; fileEncoding = 4; lastKnownFileType = net.daringfireball.markdown; path = README.md; sourceTree = "<group>"; };
		829C51B72A44A3CF003C8C9A /* 3_Detail_Screen_(optional).png */ = {isa = PBXFileReference; lastKnownFileType = image.png; path = "3_Detail_Screen_(optional).png"; sourceTree = "<group>"; };
		829C51B82A44A3CF003C8C9A /* 1_Device_List.png */ = {isa = PBXFileReference; lastKnownFileType = image.png; path = 1_Device_List.png; sourceTree = "<group>"; };
		829C51B92A44A3CF003C8C9A /* 2_Sync_Screen.png */ = {isa = PBXFileReference; lastKnownFileType = image.png; path = 2_Sync_Screen.png; sourceTree = "<group>"; };
		FA70E50D2A52E94500621DF4 /* MeterInstallation.xcdatamodel */ = {isa = PBXFileReference; lastKnownFileType = wrapper.xcdatamodel; path = MeterInstallation.xcdatamodel; sourceTree = "<group>"; };
		FA70E5172A52F39600621DF4 /* MeterInstallationError.swift */ = {isa = PBXFileReference; lastKnownFileType = sourcecode.swift; path = MeterInstallationError.swift; sourceTree = "<group>"; };
		FA70E5192A52F5F100621DF4 /* DataProvider.swift */ = {isa = PBXFileReference; lastKnownFileType = sourcecode.swift; path = DataProvider.swift; sourceTree = "<group>"; };
		FA70E51B2A52F7D000621DF4 /* DataClient.swift */ = {isa = PBXFileReference; lastKnownFileType = sourcecode.swift; path = DataClient.swift; sourceTree = "<group>"; };
		FA70E51D2A52F95F00621DF4 /* DataClient+Preview.swift */ = {isa = PBXFileReference; lastKnownFileType = sourcecode.swift; path = "DataClient+Preview.swift"; sourceTree = "<group>"; };
		FA70E5232A52FCC600621DF4 /* MainViewModel.swift */ = {isa = PBXFileReference; lastKnownFileType = sourcecode.swift; path = MainViewModel.swift; sourceTree = "<group>"; };
		FA70E5252A53030600621DF4 /* DeviceListViewModel.swift */ = {isa = PBXFileReference; lastKnownFileType = sourcecode.swift; path = DeviceListViewModel.swift; sourceTree = "<group>"; };
		FA70E5272A53043E00621DF4 /* DeviceDataProvider.swift */ = {isa = PBXFileReference; lastKnownFileType = sourcecode.swift; path = DeviceDataProvider.swift; sourceTree = "<group>"; };
		FA70E52A2A530D0C00621DF4 /* DeviceResponse.swift */ = {isa = PBXFileReference; lastKnownFileType = sourcecode.swift; path = DeviceResponse.swift; sourceTree = "<group>"; };
		FA70E52C2A531CA600621DF4 /* Logger.swift */ = {isa = PBXFileReference; lastKnownFileType = sourcecode.swift; path = Logger.swift; sourceTree = "<group>"; };
		FA70E52F2A533B5600621DF4 /* Device+.swift */ = {isa = PBXFileReference; lastKnownFileType = sourcecode.swift; path = "Device+.swift"; sourceTree = "<group>"; };
		FA70E5332A53509800621DF4 /* NSManagedObjectContext+.swift */ = {isa = PBXFileReference; lastKnownFileType = sourcecode.swift; path = "NSManagedObjectContext+.swift"; sourceTree = "<group>"; };
		FA70E5362A5369AD00621DF4 /* ListViewState.swift */ = {isa = PBXFileReference; lastKnownFileType = sourcecode.swift; path = ListViewState.swift; sourceTree = "<group>"; };
/* End PBXFileReference section */

/* Begin PBXFrameworksBuildPhase section */
		14182FC92863486A00427EF0 /* Frameworks */ = {
			isa = PBXFrameworksBuildPhase;
			buildActionMask = 2147483647;
			files = (
			);
			runOnlyForDeploymentPostprocessing = 0;
		};
/* End PBXFrameworksBuildPhase section */

/* Begin PBXGroup section */
		14182FC32863486900427EF0 = {
			isa = PBXGroup;
			children = (
				829C51B42A449998003C8C9A /* README.md */,
				829C51B62A44A3B4003C8C9A /* Screens */,
				14182FCE2863486A00427EF0 /* Meter Installation */,
				14182FCD2863486A00427EF0 /* Products */,
			);
			sourceTree = "<group>";
		};
		14182FCD2863486A00427EF0 /* Products */ = {
			isa = PBXGroup;
			children = (
				14182FCC2863486A00427EF0 /* Meter Installation.app */,
			);
			name = Products;
			sourceTree = "<group>";
		};
		14182FCE2863486A00427EF0 /* Meter Installation */ = {
			isa = PBXGroup;
			children = (
				FA70E5102A52E9C700621DF4 /* Views */,
				FA70E50F2A52E98F00621DF4 /* Data */,
				FA70E5312A53505A00621DF4 /* Extensions */,
				825A81C62A4064A80031BD66 /* Support */,
				FA70E5162A52F37500621DF4 /* Error */,
				14182FD32863486D00427EF0 /* Assets.xcassets */,
				14182FD52863486D00427EF0 /* Preview Content */,
				825A81CC2A407EF50031BD66 /* MeterInstallationApp.swift */,
			);
			path = "Meter Installation";
			sourceTree = "<group>";
		};
		14182FD52863486D00427EF0 /* Preview Content */ = {
			isa = PBXGroup;
			children = (
				14182FD62863486D00427EF0 /* Preview Assets.xcassets */,
			);
			path = "Preview Content";
			sourceTree = "<group>";
		};
		825A81C62A4064A80031BD66 /* Support */ = {
			isa = PBXGroup;
			children = (
				825A81C72A4064EB0031BD66 /* URLSession.swift */,
				FA70E52C2A531CA600621DF4 /* Logger.swift */,
			);
			path = Support;
			sourceTree = "<group>";
		};
		829C51B62A44A3B4003C8C9A /* Screens */ = {
			isa = PBXGroup;
			children = (
				829C51B82A44A3CF003C8C9A /* 1_Device_List.png */,
				829C51B92A44A3CF003C8C9A /* 2_Sync_Screen.png */,
				829C51B72A44A3CF003C8C9A /* 3_Detail_Screen_(optional).png */,
			);
			path = Screens;
			sourceTree = "<group>";
		};
		FA70E50F2A52E98F00621DF4 /* Data */ = {
			isa = PBXGroup;
			children = (
				FA70E5202A52FA5500621DF4 /* Provider */,
				FA70E51F2A52FA0800621DF4 /* Client */,
				FA70E5292A530C4300621DF4 /* Response */,
				FA70E52E2A533B4200621DF4 /* Model */,
				FA70E50C2A52E94500621DF4 /* MeterInstallation.xcdatamodeld */,
			);
			path = Data;
			sourceTree = "<group>";
		};
		FA70E5102A52E9C700621DF4 /* Views */ = {
			isa = PBXGroup;
			children = (
				FA70E5112A52E9F600621DF4 /* Main */,
				FA70E5122A52EA1200621DF4 /* DeviceListView */,
				FA70E5132A52EA3B00621DF4 /* Sync */,
				FA70E5352A53699D00621DF4 /* Utils */,
			);
			path = Views;
			sourceTree = "<group>";
		};
		FA70E5112A52E9F600621DF4 /* Main */ = {
			isa = PBXGroup;
			children = (
				825A81CF2A41BCBE0031BD66 /* MainView.swift */,
				FA70E5232A52FCC600621DF4 /* MainViewModel.swift */,
			);
			path = Main;
			sourceTree = "<group>";
		};
		FA70E5122A52EA1200621DF4 /* DeviceListView */ = {
			isa = PBXGroup;
			children = (
				825A81D12A41BE680031BD66 /* DeviceListView.swift */,
				FA70E5252A53030600621DF4 /* DeviceListViewModel.swift */,
			);
			path = DeviceListView;
			sourceTree = "<group>";
		};
		FA70E5132A52EA3B00621DF4 /* Sync */ = {
			isa = PBXGroup;
			children = (
				825A81D32A41BE700031BD66 /* SyncView.swift */,
			);
			path = Sync;
			sourceTree = "<group>";
		};
		FA70E5162A52F37500621DF4 /* Error */ = {
			isa = PBXGroup;
			children = (
				FA70E5172A52F39600621DF4 /* MeterInstallationError.swift */,
			);
			path = Error;
			sourceTree = "<group>";
		};
		FA70E51F2A52FA0800621DF4 /* Client */ = {
			isa = PBXGroup;
			children = (
				FA70E51B2A52F7D000621DF4 /* DataClient.swift */,
				FA70E51D2A52F95F00621DF4 /* DataClient+Preview.swift */,
			);
			path = Client;
			sourceTree = "<group>";
		};
		FA70E5202A52FA5500621DF4 /* Provider */ = {
			isa = PBXGroup;
			children = (
				FA70E5192A52F5F100621DF4 /* DataProvider.swift */,
				FA70E5272A53043E00621DF4 /* DeviceDataProvider.swift */,
			);
			path = Provider;
			sourceTree = "<group>";
		};
		FA70E5292A530C4300621DF4 /* Response */ = {
			isa = PBXGroup;
			children = (
				FA70E52A2A530D0C00621DF4 /* DeviceResponse.swift */,
			);
			path = Response;
			sourceTree = "<group>";
		};
		FA70E52E2A533B4200621DF4 /* Model */ = {
			isa = PBXGroup;
			children = (
				FA70E52F2A533B5600621DF4 /* Device+.swift */,
			);
			path = Model;
			sourceTree = "<group>";
		};
		FA70E5312A53505A00621DF4 /* Extensions */ = {
			isa = PBXGroup;
			children = (
				FA70E5322A53507100621DF4 /* CoreData */,
			);
			path = Extensions;
			sourceTree = "<group>";
		};
		FA70E5322A53507100621DF4 /* CoreData */ = {
			isa = PBXGroup;
			children = (
				FA70E5332A53509800621DF4 /* NSManagedObjectContext+.swift */,
			);
			path = CoreData;
			sourceTree = "<group>";
		};
		FA70E5352A53699D00621DF4 /* Utils */ = {
			isa = PBXGroup;
			children = (
				FA70E5362A5369AD00621DF4 /* ListViewState.swift */,
			);
			path = Utils;
			sourceTree = "<group>";
		};
/* End PBXGroup section */

/* Begin PBXNativeTarget section */
		14182FCB2863486A00427EF0 /* Meter Installation */ = {
			isa = PBXNativeTarget;
			buildConfigurationList = 14182FDA2863486D00427EF0 /* Build configuration list for PBXNativeTarget "Meter Installation" */;
			buildPhases = (
				14182FC82863486A00427EF0 /* Sources */,
				14182FC92863486A00427EF0 /* Frameworks */,
				14182FCA2863486A00427EF0 /* Resources */,
			);
			buildRules = (
			);
			dependencies = (
			);
			name = "Meter Installation";
			productName = "Meter Installation";
			productReference = 14182FCC2863486A00427EF0 /* Meter Installation.app */;
			productType = "com.apple.product-type.application";
		};
/* End PBXNativeTarget section */

/* Begin PBXProject section */
		14182FC42863486900427EF0 /* Project object */ = {
			isa = PBXProject;
			attributes = {
				BuildIndependentTargetsInParallel = 1;
				LastSwiftUpdateCheck = 1340;
				LastUpgradeCheck = 1340;
				TargetAttributes = {
					14182FCB2863486A00427EF0 = {
						CreatedOnToolsVersion = 13.4.1;
					};
				};
			};
			buildConfigurationList = 14182FC72863486900427EF0 /* Build configuration list for PBXProject "Meter Installation" */;
			compatibilityVersion = "Xcode 13.0";
			developmentRegion = en;
			hasScannedForEncodings = 0;
			knownRegions = (
				en,
				Base,
			);
			mainGroup = 14182FC32863486900427EF0;
			productRefGroup = 14182FCD2863486A00427EF0 /* Products */;
			projectDirPath = "";
			projectRoot = "";
			targets = (
				14182FCB2863486A00427EF0 /* Meter Installation */,
			);
		};
/* End PBXProject section */

/* Begin PBXResourcesBuildPhase section */
		14182FCA2863486A00427EF0 /* Resources */ = {
			isa = PBXResourcesBuildPhase;
			buildActionMask = 2147483647;
			files = (
				829C51B52A449998003C8C9A /* README.md in Resources */,
				14182FD72863486D00427EF0 /* Preview Assets.xcassets in Resources */,
				14182FD42863486D00427EF0 /* Assets.xcassets in Resources */,
			);
			runOnlyForDeploymentPostprocessing = 0;
		};
/* End PBXResourcesBuildPhase section */

/* Begin PBXSourcesBuildPhase section */
		14182FC82863486A00427EF0 /* Sources */ = {
			isa = PBXSourcesBuildPhase;
			buildActionMask = 2147483647;
			files = (
				FA70E5262A53030600621DF4 /* DeviceListViewModel.swift in Sources */,
				FA70E5182A52F39600621DF4 /* MeterInstallationError.swift in Sources */,
				825A81D42A41BE700031BD66 /* SyncView.swift in Sources */,
				FA70E5302A533B5600621DF4 /* Device+.swift in Sources */,
				825A81D02A41BCBE0031BD66 /* MainView.swift in Sources */,
				FA70E52B2A530D0C00621DF4 /* DeviceResponse.swift in Sources */,
				825A81CD2A407EF50031BD66 /* MeterInstallationApp.swift in Sources */,
				FA70E51E2A52F95F00621DF4 /* DataClient+Preview.swift in Sources */,
				825A81C82A4064EB0031BD66 /* URLSession.swift in Sources */,
				FA70E51A2A52F5F100621DF4 /* DataProvider.swift in Sources */,
				825A81D22A41BE680031BD66 /* DeviceListView.swift in Sources */,
				FA70E52D2A531CA600621DF4 /* Logger.swift in Sources */,
				FA70E51C2A52F7D000621DF4 /* DataClient.swift in Sources */,
				FA70E50E2A52E94500621DF4 /* MeterInstallation.xcdatamodeld in Sources */,
				FA70E5342A53509800621DF4 /* NSManagedObjectContext+.swift in Sources */,
				FA70E5242A52FCC600621DF4 /* MainViewModel.swift in Sources */,
				FA70E5372A5369AD00621DF4 /* ListViewState.swift in Sources */,
				FA70E5282A53043E00621DF4 /* DeviceDataProvider.swift in Sources */,
			);
			runOnlyForDeploymentPostprocessing = 0;
		};
/* End PBXSourcesBuildPhase section */

/* Begin XCBuildConfiguration section */
		14182FD82863486D00427EF0 /* Debug */ = {
			isa = XCBuildConfiguration;
			buildSettings = {
				ALWAYS_SEARCH_USER_PATHS = NO;
				CLANG_ANALYZER_NONNULL = YES;
				CLANG_ANALYZER_NUMBER_OBJECT_CONVERSION = YES_AGGRESSIVE;
				CLANG_CXX_LANGUAGE_STANDARD = "gnu++17";
				CLANG_ENABLE_MODULES = YES;
				CLANG_ENABLE_OBJC_ARC = YES;
				CLANG_ENABLE_OBJC_WEAK = YES;
				CLANG_WARN_BLOCK_CAPTURE_AUTORELEASING = YES;
				CLANG_WARN_BOOL_CONVERSION = YES;
				CLANG_WARN_COMMA = YES;
				CLANG_WARN_CONSTANT_CONVERSION = YES;
				CLANG_WARN_DEPRECATED_OBJC_IMPLEMENTATIONS = YES;
				CLANG_WARN_DIRECT_OBJC_ISA_USAGE = YES_ERROR;
				CLANG_WARN_DOCUMENTATION_COMMENTS = YES;
				CLANG_WARN_EMPTY_BODY = YES;
				CLANG_WARN_ENUM_CONVERSION = YES;
				CLANG_WARN_INFINITE_RECURSION = YES;
				CLANG_WARN_INT_CONVERSION = YES;
				CLANG_WARN_NON_LITERAL_NULL_CONVERSION = YES;
				CLANG_WARN_OBJC_IMPLICIT_RETAIN_SELF = YES;
				CLANG_WARN_OBJC_LITERAL_CONVERSION = YES;
				CLANG_WARN_OBJC_ROOT_CLASS = YES_ERROR;
				CLANG_WARN_QUOTED_INCLUDE_IN_FRAMEWORK_HEADER = YES;
				CLANG_WARN_RANGE_LOOP_ANALYSIS = YES;
				CLANG_WARN_STRICT_PROTOTYPES = YES;
				CLANG_WARN_SUSPICIOUS_MOVE = YES;
				CLANG_WARN_UNGUARDED_AVAILABILITY = YES_AGGRESSIVE;
				CLANG_WARN_UNREACHABLE_CODE = YES;
				CLANG_WARN__DUPLICATE_METHOD_MATCH = YES;
				COPY_PHASE_STRIP = NO;
				DEBUG_INFORMATION_FORMAT = dwarf;
				ENABLE_STRICT_OBJC_MSGSEND = YES;
				ENABLE_TESTABILITY = YES;
				GCC_C_LANGUAGE_STANDARD = gnu11;
				GCC_DYNAMIC_NO_PIC = NO;
				GCC_NO_COMMON_BLOCKS = YES;
				GCC_OPTIMIZATION_LEVEL = 0;
				GCC_PREPROCESSOR_DEFINITIONS = (
					"DEBUG=1",
					"$(inherited)",
				);
				GCC_WARN_64_TO_32_BIT_CONVERSION = YES;
				GCC_WARN_ABOUT_RETURN_TYPE = YES_ERROR;
				GCC_WARN_UNDECLARED_SELECTOR = YES;
				GCC_WARN_UNINITIALIZED_AUTOS = YES_AGGRESSIVE;
				GCC_WARN_UNUSED_FUNCTION = YES;
				GCC_WARN_UNUSED_VARIABLE = YES;
				IPHONEOS_DEPLOYMENT_TARGET = 16.0;
				MTL_ENABLE_DEBUG_INFO = INCLUDE_SOURCE;
				MTL_FAST_MATH = YES;
				ONLY_ACTIVE_ARCH = YES;
				SDKROOT = iphoneos;
				SWIFT_ACTIVE_COMPILATION_CONDITIONS = DEBUG;
				SWIFT_OPTIMIZATION_LEVEL = "-Onone";
			};
			name = Debug;
		};
		14182FD92863486D00427EF0 /* Release */ = {
			isa = XCBuildConfiguration;
			buildSettings = {
				ALWAYS_SEARCH_USER_PATHS = NO;
				CLANG_ANALYZER_NONNULL = YES;
				CLANG_ANALYZER_NUMBER_OBJECT_CONVERSION = YES_AGGRESSIVE;
				CLANG_CXX_LANGUAGE_STANDARD = "gnu++17";
				CLANG_ENABLE_MODULES = YES;
				CLANG_ENABLE_OBJC_ARC = YES;
				CLANG_ENABLE_OBJC_WEAK = YES;
				CLANG_WARN_BLOCK_CAPTURE_AUTORELEASING = YES;
				CLANG_WARN_BOOL_CONVERSION = YES;
				CLANG_WARN_COMMA = YES;
				CLANG_WARN_CONSTANT_CONVERSION = YES;
				CLANG_WARN_DEPRECATED_OBJC_IMPLEMENTATIONS = YES;
				CLANG_WARN_DIRECT_OBJC_ISA_USAGE = YES_ERROR;
				CLANG_WARN_DOCUMENTATION_COMMENTS = YES;
				CLANG_WARN_EMPTY_BODY = YES;
				CLANG_WARN_ENUM_CONVERSION = YES;
				CLANG_WARN_INFINITE_RECURSION = YES;
				CLANG_WARN_INT_CONVERSION = YES;
				CLANG_WARN_NON_LITERAL_NULL_CONVERSION = YES;
				CLANG_WARN_OBJC_IMPLICIT_RETAIN_SELF = YES;
				CLANG_WARN_OBJC_LITERAL_CONVERSION = YES;
				CLANG_WARN_OBJC_ROOT_CLASS = YES_ERROR;
				CLANG_WARN_QUOTED_INCLUDE_IN_FRAMEWORK_HEADER = YES;
				CLANG_WARN_RANGE_LOOP_ANALYSIS = YES;
				CLANG_WARN_STRICT_PROTOTYPES = YES;
				CLANG_WARN_SUSPICIOUS_MOVE = YES;
				CLANG_WARN_UNGUARDED_AVAILABILITY = YES_AGGRESSIVE;
				CLANG_WARN_UNREACHABLE_CODE = YES;
				CLANG_WARN__DUPLICATE_METHOD_MATCH = YES;
				COPY_PHASE_STRIP = NO;
				DEBUG_INFORMATION_FORMAT = "dwarf-with-dsym";
				ENABLE_NS_ASSERTIONS = NO;
				ENABLE_STRICT_OBJC_MSGSEND = YES;
				GCC_C_LANGUAGE_STANDARD = gnu11;
				GCC_NO_COMMON_BLOCKS = YES;
				GCC_WARN_64_TO_32_BIT_CONVERSION = YES;
				GCC_WARN_ABOUT_RETURN_TYPE = YES_ERROR;
				GCC_WARN_UNDECLARED_SELECTOR = YES;
				GCC_WARN_UNINITIALIZED_AUTOS = YES_AGGRESSIVE;
				GCC_WARN_UNUSED_FUNCTION = YES;
				GCC_WARN_UNUSED_VARIABLE = YES;
				IPHONEOS_DEPLOYMENT_TARGET = 16.0;
				MTL_ENABLE_DEBUG_INFO = NO;
				MTL_FAST_MATH = YES;
				SDKROOT = iphoneos;
				SWIFT_COMPILATION_MODE = wholemodule;
				SWIFT_OPTIMIZATION_LEVEL = "-O";
				VALIDATE_PRODUCT = YES;
			};
			name = Release;
		};
		14182FDB2863486D00427EF0 /* Debug */ = {
			isa = XCBuildConfiguration;
			buildSettings = {
				ASSETCATALOG_COMPILER_APPICON_NAME = AppIcon;
				ASSETCATALOG_COMPILER_GLOBAL_ACCENT_COLOR_NAME = AccentColor;
				CODE_SIGN_STYLE = Automatic;
				CURRENT_PROJECT_VERSION = 1;
				DEVELOPMENT_ASSET_PATHS = "\"Meter Installation/Preview Content\"";
				ENABLE_PREVIEWS = YES;
				GENERATE_INFOPLIST_FILE = YES;
				INFOPLIST_KEY_UIApplicationSceneManifest_Generation = YES;
				INFOPLIST_KEY_UIApplicationSupportsIndirectInputEvents = YES;
				INFOPLIST_KEY_UILaunchScreen_Generation = YES;
				INFOPLIST_KEY_UISupportedInterfaceOrientations_iPad = "UIInterfaceOrientationPortrait UIInterfaceOrientationPortraitUpsideDown UIInterfaceOrientationLandscapeLeft UIInterfaceOrientationLandscapeRight";
				INFOPLIST_KEY_UISupportedInterfaceOrientations_iPhone = "UIInterfaceOrientationPortrait UIInterfaceOrientationLandscapeLeft UIInterfaceOrientationLandscapeRight";
				IPHONEOS_DEPLOYMENT_TARGET = 16.0;
				LD_RUNPATH_SEARCH_PATHS = (
					"$(inherited)",
					"@executable_path/Frameworks",
				);
				MARKETING_VERSION = 1.0;
				PRODUCT_BUNDLE_IDENTIFIER = "com.comgy.Meter-Installation";
				PRODUCT_NAME = "$(TARGET_NAME)";
				SUPPORTED_PLATFORMS = "iphoneos iphonesimulator macosx";
				SUPPORTS_MACCATALYST = NO;
				SUPPORTS_MAC_DESIGNED_FOR_IPHONE_IPAD = NO;
				SUPPORTS_XR_DESIGNED_FOR_IPHONE_IPAD = NO;
				SWIFT_EMIT_LOC_STRINGS = YES;
				SWIFT_VERSION = 5.0;
				TARGETED_DEVICE_FAMILY = "1,2";
			};
			name = Debug;
		};
		14182FDC2863486D00427EF0 /* Release */ = {
			isa = XCBuildConfiguration;
			buildSettings = {
				ASSETCATALOG_COMPILER_APPICON_NAME = AppIcon;
				ASSETCATALOG_COMPILER_GLOBAL_ACCENT_COLOR_NAME = AccentColor;
				CODE_SIGN_STYLE = Automatic;
				CURRENT_PROJECT_VERSION = 1;
				DEVELOPMENT_ASSET_PATHS = "\"Meter Installation/Preview Content\"";
				ENABLE_PREVIEWS = YES;
				GENERATE_INFOPLIST_FILE = YES;
				INFOPLIST_KEY_UIApplicationSceneManifest_Generation = YES;
				INFOPLIST_KEY_UIApplicationSupportsIndirectInputEvents = YES;
				INFOPLIST_KEY_UILaunchScreen_Generation = YES;
				INFOPLIST_KEY_UISupportedInterfaceOrientations_iPad = "UIInterfaceOrientationPortrait UIInterfaceOrientationPortraitUpsideDown UIInterfaceOrientationLandscapeLeft UIInterfaceOrientationLandscapeRight";
				INFOPLIST_KEY_UISupportedInterfaceOrientations_iPhone = "UIInterfaceOrientationPortrait UIInterfaceOrientationLandscapeLeft UIInterfaceOrientationLandscapeRight";
				IPHONEOS_DEPLOYMENT_TARGET = 16.0;
				LD_RUNPATH_SEARCH_PATHS = (
					"$(inherited)",
					"@executable_path/Frameworks",
				);
				MARKETING_VERSION = 1.0;
				PRODUCT_BUNDLE_IDENTIFIER = "com.comgy.Meter-Installation";
				PRODUCT_NAME = "$(TARGET_NAME)";
				SUPPORTED_PLATFORMS = "iphoneos iphonesimulator macosx";
				SUPPORTS_MACCATALYST = NO;
				SUPPORTS_MAC_DESIGNED_FOR_IPHONE_IPAD = NO;
				SUPPORTS_XR_DESIGNED_FOR_IPHONE_IPAD = NO;
				SWIFT_EMIT_LOC_STRINGS = YES;
				SWIFT_VERSION = 5.0;
				TARGETED_DEVICE_FAMILY = "1,2";
			};
			name = Release;
		};
/* End XCBuildConfiguration section */

/* Begin XCConfigurationList section */
		14182FC72863486900427EF0 /* Build configuration list for PBXProject "Meter Installation" */ = {
			isa = XCConfigurationList;
			buildConfigurations = (
				14182FD82863486D00427EF0 /* Debug */,
				14182FD92863486D00427EF0 /* Release */,
			);
			defaultConfigurationIsVisible = 0;
			defaultConfigurationName = Release;
		};
		14182FDA2863486D00427EF0 /* Build configuration list for PBXNativeTarget "Meter Installation" */ = {
			isa = XCConfigurationList;
			buildConfigurations = (
				14182FDB2863486D00427EF0 /* Debug */,
				14182FDC2863486D00427EF0 /* Release */,
			);
			defaultConfigurationIsVisible = 0;
			defaultConfigurationName = Release;
		};
/* End XCConfigurationList section */

/* Begin XCVersionGroup section */
		FA70E50C2A52E94500621DF4 /* MeterInstallation.xcdatamodeld */ = {
			isa = XCVersionGroup;
			children = (
				FA70E50D2A52E94500621DF4 /* MeterInstallation.xcdatamodel */,
			);
			currentVersion = FA70E50D2A52E94500621DF4 /* MeterInstallation.xcdatamodel */;
			path = MeterInstallation.xcdatamodeld;
			sourceTree = "<group>";
			versionGroupType = wrapper.xcdatamodel;
		};
/* End XCVersionGroup section */
	};
	rootObject = 14182FC42863486900427EF0 /* Project object */;
}
